<?xml version="1.0" encoding="UTF-8"?>
<Project ToolsVersion="15.0" xmlns="http://schemas.microsoft.com/developer/msbuild/2003">
  <ItemGroup>
    <ClCompile Include="C:\qtproject\d3dgl\src\query.cpp">
      <Filter>Source Files</Filter>
    </ClCompile>
    <ClCompile Include="C:\qtproject\d3dgl\src\swapchain.cpp">
      <Filter>Source Files</Filter>
    </ClCompile>
    <ClCompile Include="C:\qtproject\d3dgl\src\rendertarget.cpp">
      <Filter>Source Files</Filter>
    </ClCompile>
    <ClCompile Include="C:\qtproject\d3dgl\src\bufferobject.cpp">
      <Filter>Source Files</Filter>
    </ClCompile>
    <ClCompile Include="C:\qtproject\d3dgl\src\plainsurface.cpp">
      <Filter>Source Files</Filter>
    </ClCompile>
    <ClCompile Include="C:\qtproject\d3dgl\src\vertexshader.cpp">
      <Filter>Source Files</Filter>
    </ClCompile>
    <ClCompile Include="C:\qtproject\d3dgl\src\pixelshader.cpp">
      <Filter>Source Files</Filter>
    </ClCompile>
    <ClCompile Include="C:\qtproject\d3dgl\src\vertexdeclaration.cpp">
      <Filter>Source Files</Filter>
    </ClCompile>
    <ClCompile Include="C:\qtproject\d3dgl\src\texture.cpp">
      <Filter>Source Files</Filter>
    </ClCompile>
    <ClCompile Include="C:\qtproject\d3dgl\src\texture3d.cpp">
      <Filter>Source Files</Filter>
    </ClCompile>
    <ClCompile Include="C:\qtproject\d3dgl\src\texturecube.cpp">
      <Filter>Source Files</Filter>
    </ClCompile>
    <ClCompile Include="C:\qtproject\d3dgl\src\device.cpp">
      <Filter>Source Files</Filter>
    </ClCompile>
    <ClCompile Include="C:\qtproject\d3dgl\src\adapter.cpp">
      <Filter>Source Files</Filter>
    </ClCompile>
    <ClCompile Include="C:\qtproject\d3dgl\src\d3dgl.cpp">
      <Filter>Source Files</Filter>
    </ClCompile>
    <ClCompile Include="C:\qtproject\d3dgl\src\glformat.cpp">
      <Filter>Source Files</Filter>
    </ClCompile>
    <ClCompile Include="C:\qtproject\d3dgl\src\commandqueue.cpp">
      <Filter>Source Files</Filter>
    </ClCompile>
    <ClCompile Include="C:\qtproject\d3dgl\main.cpp">
      <Filter>Source Files</Filter>
    </ClCompile>
    <ClCompile Include="C:\qtproject\d3dgl\glew.c">
      <Filter>Source Files</Filter>
    </ClCompile>
  </ItemGroup>
  <ItemGroup>
    <ClInclude Include="C:\qtproject\d3dgl\include\query.hpp">
      <Filter>Header Files</Filter>
    </ClInclude>
    <ClInclude Include="C:\qtproject\d3dgl\include\swapchain.hpp">
      <Filter>Header Files</Filter>
    </ClInclude>
    <ClInclude Include="C:\qtproject\d3dgl\include\rendertarget.hpp">
      <Filter>Header Files</Filter>
    </ClInclude>
    <ClInclude Include="C:\qtproject\d3dgl\include\bufferobject.hpp">
      <Filter>Header Files</Filter>
    </ClInclude>
    <ClInclude Include="C:\qtproject\d3dgl\include\plainsurface.hpp">
      <Filter>Header Files</Filter>
    </ClInclude>
    <ClInclude Include="C:\qtproject\d3dgl\include\vertexshader.hpp">
      <Filter>Header Files</Filter>
    </ClInclude>
    <ClInclude Include="C:\qtproject\d3dgl\include\pixelshader.hpp">
      <Filter>Header Files</Filter>
    </ClInclude>
    <ClInclude Include="C:\qtproject\d3dgl\include\vertexdeclaration.hpp">
      <Filter>Header Files</Filter>
    </ClInclude>
    <ClInclude Include="C:\qtproject\d3dgl\include\texture.hpp">
      <Filter>Header Files</Filter>
    </ClInclude>
    <ClInclude Include="C:\qtproject\d3dgl\include\texture3d.hpp">
      <Filter>Header Files</Filter>
    </ClInclude>
    <ClInclude Include="C:\qtproject\d3dgl\include\texturecube.hpp">
      <Filter>Header Files</Filter>
    </ClInclude>
    <ClInclude Include="C:\qtproject\d3dgl\include\device.hpp">
      <Filter>Header Files</Filter>
    </ClInclude>
    <ClInclude Include="C:\qtproject\d3dgl\include\adapter.hpp">
      <Filter>Header Files</Filter>
    </ClInclude>
    <ClInclude Include="C:\qtproject\d3dgl\include\d3dgl.hpp">
      <Filter>Header Files</Filter>
    </ClInclude>
    <ClInclude Include="C:\qtproject\d3dgl\include\glformat.hpp">
      <Filter>Header Files</Filter>
    </ClInclude>
    <ClInclude Include="C:\qtproject\d3dgl\include\trace.hpp">
      <Filter>Header Files</Filter>
    </ClInclude>
    <ClInclude Include="C:\qtproject\d3dgl\include\commandqueue.hpp">
      <Filter>Header Files</Filter>
    </ClInclude>
    <ClInclude Include="C:\qtproject\d3dgl\include\private_iids.hpp">
      <Filter>Header Files</Filter>
    </ClInclude>
    <ClInclude Include="C:\qtproject\d3dgl\include\allocators.hpp">
      <Filter>Header Files</Filter>
    </ClInclude>
  </ItemGroup>
  <ItemGroup>
    <CustomBuild Include="C:\qtproject\d3dgl\CMakeLists.txt" />
  </ItemGroup>
  <ItemGroup>
    <None Include="C:\qtproject\d3dgl\d3d9.def">
      <Filter>Source Files</Filter>
    </None>
  </ItemGroup>
  <ItemGroup>
    <Filter Include="Source Files">
      <UniqueIdentifier>{C8ABFA6A-B3EA-38DA-B8B7-DA4500A8C198}</UniqueIdentifier>
    </Filter>
    <Filter Include="Header Files">
      <UniqueIdentifier>{EA58FCBC-2834-3A55-A1F3-86133C0A8565}</UniqueIdentifier>
    </Filter>
  </ItemGroup>
</Project>
