<?xml version="1.0" encoding="UTF-8"?>
<Project ToolsVersion="15.0" xmlns="http://schemas.microsoft.com/developer/msbuild/2003">
  <ItemGroup>
    <ClCompile Include="C:\qtproject\d3dgl\mojoshader\mojoshader.c">
      <Filter>Source Files</Filter>
    </ClCompile>
    <ClCompile Include="C:\qtproject\d3dgl\mojoshader\mojoshader_common.c">
      <Filter>Source Files</Filter>
    </ClCompile>
  </ItemGroup>
  <ItemGroup>
    <ClInclude Include="C:\qtproject\d3dgl\mojoshader\mojoshader.h">
      <Filter>Header Files</Filter>
    </ClInclude>
    <ClInclude Include="C:\qtproject\d3dgl\mojoshader\mojoshader_internal.h">
      <Filter>Header Files</Filter>
    </ClInclude>
    <ClInclude Include="C:\qtproject\d3dgl\mojoshader\mojoshader_version.h">
      <Filter>Header Files</Filter>
    </ClInclude>
  </ItemGroup>
  <ItemGroup>
    <CustomBuild Include="C:\qtproject\d3dgl\CMakeLists.txt" />
  </ItemGroup>
  <ItemGroup>
    <Filter Include="Source Files">
      <UniqueIdentifier>{C8ABFA6A-B3EA-38DA-B8B7-DA4500A8C198}</UniqueIdentifier>
    </Filter>
    <Filter Include="Header Files">
      <UniqueIdentifier>{EA58FCBC-2834-3A55-A1F3-86133C0A8565}</UniqueIdentifier>
    </Filter>
  </ItemGroup>
</Project>
