<?xml version="1.0" encoding="UTF-8"?>
<Project ToolsVersion="15.0" xmlns="http://schemas.microsoft.com/developer/msbuild/2003">
  <ItemGroup>
    <CustomBuild Include="C:\qtproject\d3dgl\CMakeFiles\2fc37eef2c02d22fca54cecbe6878dec\generate.stamp.rule">
      <Filter>CMake Rules</Filter>
    </CustomBuild>
  </ItemGroup>
  <ItemGroup>
    <Filter Include="CMake Rules">
      <UniqueIdentifier>{C98DE45F-89FE-3674-91D6-CCA78806DFEB}</UniqueIdentifier>
    </Filter>
  </ItemGroup>
</Project>
